[[package]]
name = "atomicwrites"
version = "1.4.0"
description = "Atomic file writes."
category = "dev"
optional = false
python-versions = ">=2.7, !=3.0.*, !=3.1.*, !=3.2.*, !=3.3.*"

[[package]]
name = "attrs"
version = "21.2.0"
description = "Classes Without Boilerplate"
category = "dev"
optional = false
python-versions = ">=2.7, !=3.0.*, !=3.1.*, !=3.2.*, !=3.3.*, !=3.4.*"

[package.extras]
dev = ["coverage[toml] (>=5.0.2)", "hypothesis", "pympler", "pytest (>=4.3.0)", "six", "mypy", "pytest-mypy-plugins", "zope.interface", "furo", "sphinx", "sphinx-notfound-page", "pre-commit"]
docs = ["furo", "sphinx", "zope.interface", "sphinx-notfound-page"]
tests = ["coverage[toml] (>=5.0.2)", "hypothesis", "pympler", "pytest (>=4.3.0)", "six", "mypy", "pytest-mypy-plugins", "zope.interface"]
tests_no_zope = ["coverage[toml] (>=5.0.2)", "hypothesis", "pympler", "pytest (>=4.3.0)", "six", "mypy", "pytest-mypy-plugins"]

[[package]]
name = "colorama"
version = "0.4.4"
description = "Cross-platform colored terminal text."
category = "dev"
optional = false
python-versions = ">=2.7, !=3.0.*, !=3.1.*, !=3.2.*, !=3.3.*, !=3.4.*"

[[package]]
name = "cython"
version = "3.0a7"
description = "The Cython compiler for writing C extensions for the Python language."
category = "dev"
optional = false
python-versions = ">=2.7, !=3.0.*, !=3.1.*, !=3.2.*, !=3.3.*"

[[package]]
name = "iniconfig"
version = "1.1.1"
description = "iniconfig: brain-dead simple config-ini parsing"
category = "dev"
optional = false
python-versions = "*"

[[package]]
name = "packaging"
version = "20.9"
description = "Core utilities for Python packages"
category = "dev"
optional = false
python-versions = ">=2.7, !=3.0.*, !=3.1.*, !=3.2.*, !=3.3.*"

[package.dependencies]
pyparsing = ">=2.0.2"

[[package]]
name = "pluggy"
version = "0.13.1"
description = "plugin and hook calling mechanisms for python"
category = "dev"
optional = false
python-versions = ">=2.7, !=3.0.*, !=3.1.*, !=3.2.*, !=3.3.*"

[package.extras]
dev = ["pre-commit", "tox"]

[[package]]
name = "py"
version = "1.10.0"
description = "library with cross-python path, ini-parsing, io, code, log facilities"
category = "dev"
optional = false
python-versions = ">=2.7, !=3.0.*, !=3.1.*, !=3.2.*, !=3.3.*"

[[package]]
name = "pyparsing"
version = "2.4.7"
description = "Python parsing module"
category = "dev"
optional = false
python-versions = ">=2.6, !=3.0.*, !=3.1.*, !=3.2.*"

[[package]]
name = "pytest"
version = "6.2.4"
description = "pytest: simple powerful testing with Python"
category = "dev"
optional = false
python-versions = ">=3.6"

[package.dependencies]
atomicwrites = {version = ">=1.0", markers = "sys_platform == \"win32\""}
attrs = ">=19.2.0"
colorama = {version = "*", markers = "sys_platform == \"win32\""}
iniconfig = "*"
packaging = "*"
pluggy = ">=0.12,<1.0.0a1"
py = ">=1.8.2"
toml = "*"

[package.extras]
testing = ["argcomplete", "hypothesis (>=3.56)", "mock", "nose", "requests", "xmlschema"]

[[package]]
name = "toml"
version = "0.10.2"
description = "Python Library for Tom's Obvious, Minimal Language"
category = "dev"
optional = false
python-versions = ">=2.6, !=3.0.*, !=3.1.*, !=3.2.*"

[metadata]
lock-version = "1.1"
python-versions = "^3.8"
content-hash = "215e8dd9aae73dfdc9e82701a216ae073a535974c3d9255ff94c88fe1c91be20"

[metadata.files]
atomicwrites = [
    {file = "atomicwrites-1.4.0-py2.py3-none-any.whl", hash = "sha256:6d1784dea7c0c8d4a5172b6c620f40b6e4cbfdf96d783691f2e1302a7b88e197"},
    {file = "atomicwrites-1.4.0.tar.gz", hash = "sha256:ae70396ad1a434f9c7046fd2dd196fc04b12f9e91ffb859164193be8b6168a7a"},
]
attrs = [
    {file = "attrs-21.2.0-py2.py3-none-any.whl", hash = "sha256:149e90d6d8ac20db7a955ad60cf0e6881a3f20d37096140088356da6c716b0b1"},
    {file = "attrs-21.2.0.tar.gz", hash = "sha256:ef6aaac3ca6cd92904cdd0d83f629a15f18053ec84e6432106f7a4d04ae4f5fb"},
]
colorama = [
    {file = "colorama-0.4.4-py2.py3-none-any.whl", hash = "sha256:9f47eda37229f68eee03b24b9748937c7dc3868f906e8ba69fbcbdd3bc5dc3e2"},
    {file = "colorama-0.4.4.tar.gz", hash = "sha256:5941b2b48a20143d2267e95b1c2a7603ce057ee39fd88e7329b0c292aa16869b"},
]
cython = [
    {file = "Cython-3.0a7-cp27-cp27m-macosx_10_9_x86_64.whl", hash = "sha256:28ddbd73e9598c26b684e3811ef53982b42d3c5454ada65f33c601eb2a33ff8b"},
    {file = "Cython-3.0a7-cp27-cp27m-manylinux1_i686.whl", hash = "sha256:6eea4b4591a218520a41946a07d346778b55a5307901796da48f36f70d518e77"},
    {file = "Cython-3.0a7-cp27-cp27m-manylinux1_x86_64.whl", hash = "sha256:9c0c3754980a3b524612261808a281562c31600625ecd9bf8284c10a8f617660"},
    {file = "Cython-3.0a7-cp27-cp27m-win32.whl", hash = "sha256:478b1a7731664fb0e530cb775645680f6517515ea5db7d562213addbf5ea48b8"},
    {file = "Cython-3.0a7-cp27-cp27m-win_amd64.whl", hash = "sha256:2acb3d6f0e0465eac3606f87df40956d270f97b4c8aa2ce7983c31d5be481d43"},
    {file = "Cython-3.0a7-cp27-cp27mu-manylinux1_i686.whl", hash = "sha256:2baa9bc4658fce42518b071e7dabf2717133bb6098d967525319b5471d4e3f71"},
    {file = "Cython-3.0a7-cp27-cp27mu-manylinux1_x86_64.whl", hash = "sha256:76ab2423761d8c345f1734ab0169858664560033a369f8664b9cbba7658faf90"},
    {file = "Cython-3.0a7-cp34-cp34m-win32.whl", hash = "sha256:40e5ddb9beffa66e12a10da035dfa955e2677cc24f1c1e0cf20b8e22f6147e62"},
    {file = "Cython-3.0a7-cp34-cp34m-win_amd64.whl", hash = "sha256:d4151f041d75a16a275bbd9ef769a0e49f257d1d0ac9c56ca5508128eb1b1ae6"},
    {file = "Cython-3.0a7-cp35-cp35m-manylinux1_i686.whl", hash = "sha256:c8e7d90313b587889be96dc45c5627474230c8efc9e1f7fc9fd2074db4cfda42"},
    {file = "Cython-3.0a7-cp35-cp35m-manylinux1_x86_64.whl", hash = "sha256:5fbbe11ff9a8a59efa204a99d2e1dece3a597f63e532eff579369c0091e89765"},
    {file = "Cython-3.0a7-cp35-cp35m-win32.whl", hash = "sha256:2acdf9d1bebece37bb198389668e0be9de75c22c78c2e00565a2debfae510fe4"},
    {file = "Cython-3.0a7-cp35-cp35m-win_amd64.whl", hash = "sha256:0985c22b11a5e04e3102e7f63600a052c581037b8286b35df7e124db60566690"},
    {file = "Cython-3.0a7-cp36-cp36m-macosx_10_9_x86_64.whl", hash = "sha256:c69ece7f6405e435e1e4362b49eba1fab9706aa0f8dc678d883aeb902ed712c6"},
    {file = "Cython-3.0a7-cp36-cp36m-manylinux1_i686.whl", hash = "sha256:555f8d7a98901898994e8254ac12ceea46d372302b3c4830e2e6163aa6bd9bb4"},
    {file = "Cython-3.0a7-cp36-cp36m-manylinux1_x86_64.whl", hash = "sha256:5f54cde8c21fe931683d16b2287f4a00e93d2c87e44b0988d6e30fa58bc0e1ae"},
    {file = "Cython-3.0a7-cp36-cp36m-manylinux_2_17_aarch64.manylinux2014_aarch64.whl", hash = "sha256:97e407a33d21cb09be450eb815359f63ecc2209c642e04b1ebb8123c58dac912"},
    {file = "Cython-3.0a7-cp36-cp36m-win32.whl", hash = "sha256:2bf229f8f0dc45ab67919ec3ce5b5f44777725cacdd27deceeb85018c0e6c2df"},
    {file = "Cython-3.0a7-cp36-cp36m-win_amd64.whl", hash = "sha256:6fb95b751e368193a5c185209ebf5ccbf476965bdabb1fff82a39fc667237e61"},
    {file = "Cython-3.0a7-cp37-cp37m-macosx_10_9_x86_64.whl", hash = "sha256:1834a18fc27325b3b9cee88b4186c460df89dda425e069a53a83170c3e622379"},
    {file = "Cython-3.0a7-cp37-cp37m-manylinux1_i686.whl", hash = "sha256:f015829bca48f1098b08f91d922a2d3daab1d38e6d4868b03d8e397556bad784"},
    {file = "Cython-3.0a7-cp37-cp37m-manylinux1_x86_64.whl", hash = "sha256:417356d71793560e76ed5d084ea04fd915765a0704544216d2a92b0a243288a3"},
    {file = "Cython-3.0a7-cp37-cp37m-manylinux_2_17_aarch64.manylinux2014_aarch64.whl", hash = "sha256:f77305bcba114ff1d72bdb32fd8a0bf0f069666276b3eac367d2c5165c88b6f7"},
    {file = "Cython-3.0a7-cp37-cp37m-win32.whl", hash = "sha256:1dc02255e4cc209bf2f6819656e23200af394c16e661ea2eaa732f46f96466f7"},
    {file = "Cython-3.0a7-cp37-cp37m-win_amd64.whl", hash = "sha256:43ef5e2be31ad865bfdbdf2121505b3cf6c49dbdfb2d52bdd07f66d70f83c6a6"},
    {file = "Cython-3.0a7-cp38-cp38-macosx_10_9_x86_64.whl", hash = "sha256:4a51f53b448dee7ba89fcd391119c255eab6e2be53aad3b2f08ed0660c03088e"},
    {file = "Cython-3.0a7-cp38-cp38-manylinux1_i686.whl", hash = "sha256:c6aa0208a28d57b39051833931f7b74cc1917c6b7fcd8361b49839087b171512"},
    {file = "Cython-3.0a7-cp38-cp38-manylinux1_x86_64.whl", hash = "sha256:51afa25b820ecf635554067cc9b594410e5a6d008d6ed1a8de7e0b2cb6ce958e"},
    {file = "Cython-3.0a7-cp38-cp38-manylinux_2_17_aarch64.manylinux2014_aarch64.whl", hash = "sha256:993cd7160974aa3f902ba7a3218afc76fcb432bd91f56871bc7cc004c016f14c"},
    {file = "Cython-3.0a7-cp38-cp38-win32.whl", hash = "sha256:ba4cf4b4b3ce95038d6ae21047fc14ca3e661394a9cceecbd0e176ce35a2ff80"},
    {file = "Cython-3.0a7-cp38-cp38-win_amd64.whl", hash = "sha256:25021e6f7dcb9a5ca49bfb1cdd4df6a34c115f67f5c5d0dccb621498c2d8475a"},
    {file = "Cython-3.0a7-cp39-cp39-macosx_10_9_x86_64.whl", hash = "sha256:6706d12f478823379d1d8270be22713360799cc28ceb989fb3566a1690a3d0ef"},
    {file = "Cython-3.0a7-cp39-cp39-manylinux1_i686.whl", hash = "sha256:0aa4415b6eae1d1532fc9628b2afc2622b5e23c0d260482d2034ee22406cc1d5"},
    {file = "Cython-3.0a7-cp39-cp39-manylinux1_x86_64.whl", hash = "sha256:5b211a30a3d07b53bb58e7bc8ed45d38eff8b3eb626eae4ae5f2001a68a55250"},
    {file = "Cython-3.0a7-cp39-cp39-manylinux_2_17_aarch64.manylinux2014_aarch64.whl", hash = "sha256:87ac8db84d9041e786d457c1455ddb5b2ffbd1016e0c718b9bf7374b5b3feb20"},
    {file = "Cython-3.0a7-cp39-cp39-win32.whl", hash = "sha256:49a665259f4a2ae8ff883a2d6a512a265fd8f66d998c9a081333d61d7416016b"},
    {file = "Cython-3.0a7-cp39-cp39-win_amd64.whl", hash = "sha256:172b792215a06bf909658895e0fa911dc88b65487764975095ebc22371822631"},
    {file = "Cython-3.0a7-py2.py3-none-any.whl", hash = "sha256:0a2bd8cedb77b1f7b7d4bda0c55f41b3bc58b074278d2941d1bcc55e345d37be"},
    {file = "Cython-3.0a7.tar.gz", hash = "sha256:9c3d93f10d70feda6cc71b501c5c769e3ba19f7dd47fadb5c1bb84d4e7eea265"},
]
iniconfig = [
    {file = "iniconfig-1.1.1-py2.py3-none-any.whl", hash = "sha256:011e24c64b7f47f6ebd835bb12a743f2fbe9a26d4cecaa7f53bc4f35ee9da8b3"},
    {file = "iniconfig-1.1.1.tar.gz", hash = "sha256:bc3af051d7d14b2ee5ef9969666def0cd1a000e121eaea580d4a313df4b37f32"},
]
packaging = [
    {file = "packaging-20.9-py2.py3-none-any.whl", hash = "sha256:67714da7f7bc052e064859c05c595155bd1ee9f69f76557e21f051443c20947a"},
    {file = "packaging-20.9.tar.gz", hash = "sha256:5b327ac1320dc863dca72f4514ecc086f31186744b84a230374cc1fd776feae5"},
]
pluggy = [
    {file = "pluggy-0.13.1-py2.py3-none-any.whl", hash = "sha256:966c145cd83c96502c3c3868f50408687b38434af77734af1e9ca461a4081d2d"},
    {file = "pluggy-0.13.1.tar.gz", hash = "sha256:15b2acde666561e1298d71b523007ed7364de07029219b604cf808bfa1c765b0"},
]
py = [
    {file = "py-1.10.0-py2.py3-none-any.whl", hash = "sha256:3b80836aa6d1feeaa108e046da6423ab8f6ceda6468545ae8d02d9d58d18818a"},
    {file = "py-1.10.0.tar.gz", hash = "sha256:21b81bda15b66ef5e1a777a21c4dcd9c20ad3efd0b3f817e7a809035269e1bd3"},
]
pyparsing = [
    {file = "pyparsing-2.4.7-py2.py3-none-any.whl", hash = "sha256:ef9d7589ef3c200abe66653d3f1ab1033c3c419ae9b9bdb1240a85b024efc88b"},
    {file = "pyparsing-2.4.7.tar.gz", hash = "sha256:c203ec8783bf771a155b207279b9bccb8dea02d8f0c9e5f8ead507bc3246ecc1"},
]
pytest = [
    {file = "pytest-6.2.4-py3-none-any.whl", hash = "sha256:91ef2131a9bd6be8f76f1f08eac5c5317221d6ad1e143ae03894b862e8976890"},
    {file = "pytest-6.2.4.tar.gz", hash = "sha256:50bcad0a0b9c5a72c8e4e7c9855a3ad496ca6a881a3641b4260605450772c54b"},
]
toml = [
    {file = "toml-0.10.2-py2.py3-none-any.whl", hash = "sha256:806143ae5bfb6a3c6e736a764057db0e6a0e05e338b5630894a5f779cabb4f9b"},
    {file = "toml-0.10.2.tar.gz", hash = "sha256:b3bda1d108d5dd99f4a20d24d9c348e91c4db7ab1b749200bded2f839ccbe68f"},
]
